{
  "pins" : [
    {
      "identity" : "notificationmanager",
      "kind" : "remoteSourceControl",
      "location" : "https://github.com/BadWolf20/NotificationManager",
      "state" : {
        "branch" : "master",
        "revision" : "41fca1a2a7047020c8256249fe59523301ec0855"
      }
    },
    {
      "identity" : "snapkit",
      "kind" : "remoteSourceControl",
      "location" : "https://github.com/SnapKit/SnapKit.git",
      "state" : {
        "revision" : "f222cbdf325885926566172f6f5f06af95473158",
        "version" : "5.6.0"
      }
    }
  ],
  "version" : 2
}
