{
  "pins" : [
    {
      "identity" : "notificationmanager",
      "kind" : "remoteSourceControl",
      "location" : "https://github.com/BadWolf20/NotificationManager",
      "state" : {
        "branch" : "master",
        "revision" : "41fca1a2a7047020c8256249fe59523301ec0855"
      }
    }
  ],
  "version" : 2
}
